{
  "name": "Coolours",
  "lockfileVersion": 3,
  "requires": true,
  "packages": {
    "": {
      "dependencies": {
        "chroma-js": "^3.1.1"
      }
    },
    "node_modules/chroma-js": {
      "version": "3.1.1",
      "resolved": "https://registry.npmjs.org/chroma-js/-/chroma-js-3.1.1.tgz",
      "integrity": "sha512-CGr6w73Gi86142RWqZ1RjED/CyduYw2vMTikQZUvr2jGIihnZlMo/Kzm9rYHWDP2pJc6eebwc8CkX0iteBon+A=="
    }
  }
}
